
Microsoft Visual Studio Solution File, Format Version 12.00
# Visual Studio Version 17
VisualStudioVersion = 17.4.33213.308
MinimumVisualStudioVersion = 10.0.40219.1
Project("{FAE04EC0-301F-11D3-BF4B-00C04F79EFBC}") = "SimpleConsoleApp", "SimpleConsoleApp\SimpleConsoleApp.csproj", "{632CBED0-F123-42E1-B022-713E19182A4F}"
EndProject
Project("{FAE04EC0-301F-11D3-BF4B-00C04F79EFBC}") = "SimpleClassLibrary", "SimpleClassLibrary\SimpleClassLibrary.csproj", "{656FB2E0-7818-42EA-8679-711FFADCCCB0}"
EndProject
Project("{2150E333-8FDC-42A3-9474-1A3956D46DE8}") = "PluginInterface", "PluginInterface", "{8A5FC546-5A1F-4ABB-839C-DB3695C500CE}"
EndProject
Project("{FAE04EC0-301F-11D3-BF4B-00C04F79EFBC}") = "PluginInterface", "PluginInterface\PluginInterface.csproj", "{8D1EB47E-F94A-49E2-8D2E-712B9958B358}"
EndProject
Project("{2150E333-8FDC-42A3-9474-1A3956D46DE8}") = "Plugins", "Plugins", "{53B6A83D-5E20-461B-B5A3-285F6778B0E3}"
EndProject
Project("{FAE04EC0-301F-11D3-BF4B-00C04F79EFBC}") = "RealtimePlugin", "RealtimePlugin\RealtimePlugin.csproj", "{42DC44FB-D0EF-4454-B6A9-47EA8FBA6E50}"
EndProject
Project("{FAE04EC0-301F-11D3-BF4B-00C04F79EFBC}") = "SimulationPlugin", "SimulationPlugin\SimulationPlugin.csproj", "{4FE6CA45-C0F6-4489-8397-AD8B2DAE5767}"
EndProject
Project("{2150E333-8FDC-42A3-9474-1A3956D46DE8}") = "HashMap", "HashMap", "{AC743192-10AE-4253-AD81-457777B4CCFD}"
EndProject
Project("{FAE04EC0-301F-11D3-BF4B-00C04F79EFBC}") = "HashMap", "HashMap\HashMap.csproj", "{87AB0277-6A76-4B0E-B71F-CC132DC4E641}"
EndProject
Project("{FAE04EC0-301F-11D3-BF4B-00C04F79EFBC}") = "TestHashMap", "TestHashMap\TestHashMap.csproj", "{EBDC072A-4291-4482-9BAE-2490C190B1B6}"
EndProject
Project("{FAE04EC0-301F-11D3-BF4B-00C04F79EFBC}") = "CalculateUintCapacity_3048a15576", "HashMap.Test\CalculateUintCapacity_3048a15576\CalculateUintCapacity_3048a15576.csproj", "{8D837647-C40F-498F-ADC8-B1E14B6D5287}"
EndProject
Project("{FAE04EC0-301F-11D3-BF4B-00C04F79EFBC}") = "CalculateCapacity_bb934c0f00", "HashMap.Test\CalculateCapacity_bb934c0f00\CalculateCapacity_bb934c0f00.csproj", "{1E335391-9B8B-4DF7-9D7D-8652EB820AB4}"
EndProject
Project("{FAE04EC0-301F-11D3-BF4B-00C04F79EFBC}") = "ProvideCapacity_0106a49c34", "HashMap.Test\ProvideCapacity_0106a49c34\ProvideCapacity_0106a49c34.csproj", "{6A452908-4BCD-46D4-979B-62376DC58A08}"
EndProject
Project("{FAE04EC0-301F-11D3-BF4B-00C04F79EFBC}") = "Add_70cf5332c9", "HashMap.Test\Add_70cf5332c9\Add_70cf5332c9.csproj", "{8271655C-407F-470D-8B41-D7528BDD9004}"
EndProject
Project("{FAE04EC0-301F-11D3-BF4B-00C04F79EFBC}") = "AddOrUpdate_c68693ab8d", "HashMap.Test\AddOrUpdate_c68693ab8d\AddOrUpdate_c68693ab8d.csproj", "{2464FD84-7B5C-46A4-96B5-7E9C8E7DC6B5}"
EndProject
Project("{FAE04EC0-301F-11D3-BF4B-00C04F79EFBC}") = "Remove_62d82e76b6", "HashMap.Test\Remove_62d82e76b6\Remove_62d82e76b6.csproj", "{175552ED-08A4-4B9A-AEB5-D3F8F04280B0}"
EndProject
Project("{FAE04EC0-301F-11D3-BF4B-00C04F79EFBC}") = "ContainsKey_60b36cd283", "HashMap.Test\ContainsKey_60b36cd283\ContainsKey_60b36cd283.csproj", "{391B9B25-F541-449E-BC90-2F94E85B8D4C}"
EndProject
Project("{FAE04EC0-301F-11D3-BF4B-00C04F79EFBC}") = "TryGetValue_14b97b7c0c", "HashMap.Test\TryGetValue_14b97b7c0c\TryGetValue_14b97b7c0c.csproj", "{B15E97D4-2862-4AB4-B4BF-096D3863FE1D}"
EndProject
Project("{FAE04EC0-301F-11D3-BF4B-00C04F79EFBC}") = "Clear_15d01529c9", "HashMap.Test\Clear_15d01529c9\Clear_15d01529c9.csproj", "{D7EA6F7C-D524-4112-8861-69977554B4E3}"
EndProject
Project("{FAE04EC0-301F-11D3-BF4B-00C04F79EFBC}") = "GetEnumerator_353b04f2eb", "HashMap.Test\GetEnumerator_353b04f2eb\GetEnumerator_353b04f2eb.csproj", "{0BD0C113-2A75-4FD1-B6E7-F5874AD51345}"
EndProject
Project("{FAE04EC0-301F-11D3-BF4B-00C04F79EFBC}") = "HashMap64Node_d068398785", "HashMap.Test\HashMap64Node_d068398785\HashMap64Node_d068398785.csproj", "{800BE1E9-DE98-4E39-AFE7-F95015AE4E7F}"
EndProject
Project("{FAE04EC0-301F-11D3-BF4B-00C04F79EFBC}") = "ToString_c887d19c50", "HashMap.Test\ToString_c887d19c50\ToString_c887d19c50.csproj", "{3E906A15-F8F1-42A0-B3ED-268531F58229}"
EndProject
Project("{FAE04EC0-301F-11D3-BF4B-00C04F79EFBC}") = "Run_4118f49c75", "RealtimePlugin.Test\Run_4118f49c75\Run_4118f49c75.csproj", "{2154270A-9E20-4213-8C94-17C8E403CD40}"
EndProject
Project("{FAE04EC0-301F-11D3-BF4B-00C04F79EFBC}") = "ComposePlugins_50269d62c9", "SimpleClassLibrary.Test\ComposePlugins_50269d62c9\ComposePlugins_50269d62c9.csproj", "{2721C069-F3D8-4B5C-AADF-1875FFEECC65}"
EndProject
Project("{FAE04EC0-301F-11D3-BF4B-00C04F79EFBC}") = "LoadAndRunPlugins_24f4f0bf3c", "SimpleClassLibrary.Test\LoadAndRunPlugins_24f4f0bf3c\LoadAndRunPlugins_24f4f0bf3c.csproj", "{A4BEB7AB-F572-4737-B3C9-D6EC1FC0D69F}"
EndProject
Project("{FAE04EC0-301F-11D3-BF4B-00C04F79EFBC}") = "typeof_56d1dea17d", "SimpleConsoleApp.Test\typeof_56d1dea17d\typeof_56d1dea17d.csproj", "{C7645B99-5B99-461C-AFBD-98984E6A715C}"
EndProject
Project("{FAE04EC0-301F-11D3-BF4B-00C04F79EFBC}") = "Run_4118f49c75", "SimulationPlugin.Test\Run_4118f49c75\Run_4118f49c75.csproj", "{5761E243-E7DD-4BDB-BFBD-23FDB494037F}"
EndProject
Global
	GlobalSection(SolutionConfigurationPlatforms) = preSolution
		Debug|Any CPU = Debug|Any CPU
		Release|Any CPU = Release|Any CPU
	EndGlobalSection
	GlobalSection(ProjectConfigurationPlatforms) = postSolution
		{632CBED0-F123-42E1-B022-713E19182A4F}.Debug|Any CPU.ActiveCfg = Debug|Any CPU
		{632CBED0-F123-42E1-B022-713E19182A4F}.Debug|Any CPU.Build.0 = Debug|Any CPU
		{632CBED0-F123-42E1-B022-713E19182A4F}.Release|Any CPU.ActiveCfg = Release|Any CPU
		{632CBED0-F123-42E1-B022-713E19182A4F}.Release|Any CPU.Build.0 = Release|Any CPU
		{656FB2E0-7818-42EA-8679-711FFADCCCB0}.Debug|Any CPU.ActiveCfg = Debug|Any CPU
		{656FB2E0-7818-42EA-8679-711FFADCCCB0}.Debug|Any CPU.Build.0 = Debug|Any CPU
		{656FB2E0-7818-42EA-8679-711FFADCCCB0}.Release|Any CPU.ActiveCfg = Release|Any CPU
		{656FB2E0-7818-42EA-8679-711FFADCCCB0}.Release|Any CPU.Build.0 = Release|Any CPU
		{8D1EB47E-F94A-49E2-8D2E-712B9958B358}.Debug|Any CPU.ActiveCfg = Debug|Any CPU
		{8D1EB47E-F94A-49E2-8D2E-712B9958B358}.Debug|Any CPU.Build.0 = Debug|Any CPU
		{8D1EB47E-F94A-49E2-8D2E-712B9958B358}.Release|Any CPU.ActiveCfg = Release|Any CPU
		{8D1EB47E-F94A-49E2-8D2E-712B9958B358}.Release|Any CPU.Build.0 = Release|Any CPU
		{42DC44FB-D0EF-4454-B6A9-47EA8FBA6E50}.Debug|Any CPU.ActiveCfg = Debug|Any CPU
		{42DC44FB-D0EF-4454-B6A9-47EA8FBA6E50}.Debug|Any CPU.Build.0 = Debug|Any CPU
		{42DC44FB-D0EF-4454-B6A9-47EA8FBA6E50}.Release|Any CPU.ActiveCfg = Release|Any CPU
		{42DC44FB-D0EF-4454-B6A9-47EA8FBA6E50}.Release|Any CPU.Build.0 = Release|Any CPU
		{4FE6CA45-C0F6-4489-8397-AD8B2DAE5767}.Debug|Any CPU.ActiveCfg = Debug|Any CPU
		{4FE6CA45-C0F6-4489-8397-AD8B2DAE5767}.Debug|Any CPU.Build.0 = Debug|Any CPU
		{4FE6CA45-C0F6-4489-8397-AD8B2DAE5767}.Release|Any CPU.ActiveCfg = Release|Any CPU
		{4FE6CA45-C0F6-4489-8397-AD8B2DAE5767}.Release|Any CPU.Build.0 = Release|Any CPU
		{87AB0277-6A76-4B0E-B71F-CC132DC4E641}.Debug|Any CPU.ActiveCfg = Debug|Any CPU
		{87AB0277-6A76-4B0E-B71F-CC132DC4E641}.Debug|Any CPU.Build.0 = Debug|Any CPU
		{87AB0277-6A76-4B0E-B71F-CC132DC4E641}.Release|Any CPU.ActiveCfg = Release|Any CPU
		{87AB0277-6A76-4B0E-B71F-CC132DC4E641}.Release|Any CPU.Build.0 = Release|Any CPU
		{EBDC072A-4291-4482-9BAE-2490C190B1B6}.Debug|Any CPU.ActiveCfg = Debug|Any CPU
		{EBDC072A-4291-4482-9BAE-2490C190B1B6}.Debug|Any CPU.Build.0 = Debug|Any CPU
		{EBDC072A-4291-4482-9BAE-2490C190B1B6}.Release|Any CPU.ActiveCfg = Release|Any CPU
		{EBDC072A-4291-4482-9BAE-2490C190B1B6}.Release|Any CPU.Build.0 = Release|Any CPU
		{8D837647-C40F-498F-ADC8-B1E14B6D5287}.Debug|Any CPU.ActiveCfg = Debug|Any CPU
		{8D837647-C40F-498F-ADC8-B1E14B6D5287}.Debug|Any CPU.Build.0 = Debug|Any CPU
		{8D837647-C40F-498F-ADC8-B1E14B6D5287}.Release|Any CPU.ActiveCfg = Release|Any CPU
		{8D837647-C40F-498F-ADC8-B1E14B6D5287}.Release|Any CPU.Build.0 = Release|Any CPU
		{1E335391-9B8B-4DF7-9D7D-8652EB820AB4}.Debug|Any CPU.ActiveCfg = Debug|Any CPU
		{1E335391-9B8B-4DF7-9D7D-8652EB820AB4}.Debug|Any CPU.Build.0 = Debug|Any CPU
		{1E335391-9B8B-4DF7-9D7D-8652EB820AB4}.Release|Any CPU.ActiveCfg = Release|Any CPU
		{1E335391-9B8B-4DF7-9D7D-8652EB820AB4}.Release|Any CPU.Build.0 = Release|Any CPU
		{6A452908-4BCD-46D4-979B-62376DC58A08}.Debug|Any CPU.ActiveCfg = Debug|Any CPU
		{6A452908-4BCD-46D4-979B-62376DC58A08}.Debug|Any CPU.Build.0 = Debug|Any CPU
		{6A452908-4BCD-46D4-979B-62376DC58A08}.Release|Any CPU.ActiveCfg = Release|Any CPU
		{6A452908-4BCD-46D4-979B-62376DC58A08}.Release|Any CPU.Build.0 = Release|Any CPU
		{8271655C-407F-470D-8B41-D7528BDD9004}.Debug|Any CPU.ActiveCfg = Debug|Any CPU
		{8271655C-407F-470D-8B41-D7528BDD9004}.Debug|Any CPU.Build.0 = Debug|Any CPU
		{8271655C-407F-470D-8B41-D7528BDD9004}.Release|Any CPU.ActiveCfg = Release|Any CPU
		{8271655C-407F-470D-8B41-D7528BDD9004}.Release|Any CPU.Build.0 = Release|Any CPU
		{2464FD84-7B5C-46A4-96B5-7E9C8E7DC6B5}.Debug|Any CPU.ActiveCfg = Debug|Any CPU
		{2464FD84-7B5C-46A4-96B5-7E9C8E7DC6B5}.Debug|Any CPU.Build.0 = Debug|Any CPU
		{2464FD84-7B5C-46A4-96B5-7E9C8E7DC6B5}.Release|Any CPU.ActiveCfg = Release|Any CPU
		{2464FD84-7B5C-46A4-96B5-7E9C8E7DC6B5}.Release|Any CPU.Build.0 = Release|Any CPU
		{175552ED-08A4-4B9A-AEB5-D3F8F04280B0}.Debug|Any CPU.ActiveCfg = Debug|Any CPU
		{175552ED-08A4-4B9A-AEB5-D3F8F04280B0}.Debug|Any CPU.Build.0 = Debug|Any CPU
		{175552ED-08A4-4B9A-AEB5-D3F8F04280B0}.Release|Any CPU.ActiveCfg = Release|Any CPU
		{175552ED-08A4-4B9A-AEB5-D3F8F04280B0}.Release|Any CPU.Build.0 = Release|Any CPU
		{391B9B25-F541-449E-BC90-2F94E85B8D4C}.Debug|Any CPU.ActiveCfg = Debug|Any CPU
		{391B9B25-F541-449E-BC90-2F94E85B8D4C}.Debug|Any CPU.Build.0 = Debug|Any CPU
		{391B9B25-F541-449E-BC90-2F94E85B8D4C}.Release|Any CPU.ActiveCfg = Release|Any CPU
		{391B9B25-F541-449E-BC90-2F94E85B8D4C}.Release|Any CPU.Build.0 = Release|Any CPU
		{B15E97D4-2862-4AB4-B4BF-096D3863FE1D}.Debug|Any CPU.ActiveCfg = Debug|Any CPU
		{B15E97D4-2862-4AB4-B4BF-096D3863FE1D}.Debug|Any CPU.Build.0 = Debug|Any CPU
		{B15E97D4-2862-4AB4-B4BF-096D3863FE1D}.Release|Any CPU.ActiveCfg = Release|Any CPU
		{B15E97D4-2862-4AB4-B4BF-096D3863FE1D}.Release|Any CPU.Build.0 = Release|Any CPU
		{D7EA6F7C-D524-4112-8861-69977554B4E3}.Debug|Any CPU.ActiveCfg = Debug|Any CPU
		{D7EA6F7C-D524-4112-8861-69977554B4E3}.Debug|Any CPU.Build.0 = Debug|Any CPU
		{D7EA6F7C-D524-4112-8861-69977554B4E3}.Release|Any CPU.ActiveCfg = Release|Any CPU
		{D7EA6F7C-D524-4112-8861-69977554B4E3}.Release|Any CPU.Build.0 = Release|Any CPU
		{0BD0C113-2A75-4FD1-B6E7-F5874AD51345}.Debug|Any CPU.ActiveCfg = Debug|Any CPU
		{0BD0C113-2A75-4FD1-B6E7-F5874AD51345}.Debug|Any CPU.Build.0 = Debug|Any CPU
		{0BD0C113-2A75-4FD1-B6E7-F5874AD51345}.Release|Any CPU.ActiveCfg = Release|Any CPU
		{0BD0C113-2A75-4FD1-B6E7-F5874AD51345}.Release|Any CPU.Build.0 = Release|Any CPU
		{800BE1E9-DE98-4E39-AFE7-F95015AE4E7F}.Debug|Any CPU.ActiveCfg = Debug|Any CPU
		{800BE1E9-DE98-4E39-AFE7-F95015AE4E7F}.Debug|Any CPU.Build.0 = Debug|Any CPU
		{800BE1E9-DE98-4E39-AFE7-F95015AE4E7F}.Release|Any CPU.ActiveCfg = Release|Any CPU
		{800BE1E9-DE98-4E39-AFE7-F95015AE4E7F}.Release|Any CPU.Build.0 = Release|Any CPU
		{3E906A15-F8F1-42A0-B3ED-268531F58229}.Debug|Any CPU.ActiveCfg = Debug|Any CPU
		{3E906A15-F8F1-42A0-B3ED-268531F58229}.Debug|Any CPU.Build.0 = Debug|Any CPU
		{3E906A15-F8F1-42A0-B3ED-268531F58229}.Release|Any CPU.ActiveCfg = Release|Any CPU
		{3E906A15-F8F1-42A0-B3ED-268531F58229}.Release|Any CPU.Build.0 = Release|Any CPU
		{2154270A-9E20-4213-8C94-17C8E403CD40}.Debug|Any CPU.ActiveCfg = Debug|Any CPU
		{2154270A-9E20-4213-8C94-17C8E403CD40}.Debug|Any CPU.Build.0 = Debug|Any CPU
		{2154270A-9E20-4213-8C94-17C8E403CD40}.Release|Any CPU.ActiveCfg = Release|Any CPU
		{2154270A-9E20-4213-8C94-17C8E403CD40}.Release|Any CPU.Build.0 = Release|Any CPU
		{2721C069-F3D8-4B5C-AADF-1875FFEECC65}.Debug|Any CPU.ActiveCfg = Debug|Any CPU
		{2721C069-F3D8-4B5C-AADF-1875FFEECC65}.Debug|Any CPU.Build.0 = Debug|Any CPU
		{2721C069-F3D8-4B5C-AADF-1875FFEECC65}.Release|Any CPU.ActiveCfg = Release|Any CPU
		{2721C069-F3D8-4B5C-AADF-1875FFEECC65}.Release|Any CPU.Build.0 = Release|Any CPU
		{A4BEB7AB-F572-4737-B3C9-D6EC1FC0D69F}.Debug|Any CPU.ActiveCfg = Debug|Any CPU
		{A4BEB7AB-F572-4737-B3C9-D6EC1FC0D69F}.Debug|Any CPU.Build.0 = Debug|Any CPU
		{A4BEB7AB-F572-4737-B3C9-D6EC1FC0D69F}.Release|Any CPU.ActiveCfg = Release|Any CPU
		{A4BEB7AB-F572-4737-B3C9-D6EC1FC0D69F}.Release|Any CPU.Build.0 = Release|Any CPU
		{C7645B99-5B99-461C-AFBD-98984E6A715C}.Debug|Any CPU.ActiveCfg = Debug|Any CPU
		{C7645B99-5B99-461C-AFBD-98984E6A715C}.Debug|Any CPU.Build.0 = Debug|Any CPU
		{C7645B99-5B99-461C-AFBD-98984E6A715C}.Release|Any CPU.ActiveCfg = Release|Any CPU
		{C7645B99-5B99-461C-AFBD-98984E6A715C}.Release|Any CPU.Build.0 = Release|Any CPU
		{5761E243-E7DD-4BDB-BFBD-23FDB494037F}.Debug|Any CPU.ActiveCfg = Debug|Any CPU
		{5761E243-E7DD-4BDB-BFBD-23FDB494037F}.Debug|Any CPU.Build.0 = Debug|Any CPU
		{5761E243-E7DD-4BDB-BFBD-23FDB494037F}.Release|Any CPU.ActiveCfg = Release|Any CPU
		{5761E243-E7DD-4BDB-BFBD-23FDB494037F}.Release|Any CPU.Build.0 = Release|Any CPU
	EndGlobalSection
	GlobalSection(SolutionProperties) = preSolution
		HideSolutionNode = FALSE
	EndGlobalSection
	GlobalSection(NestedProjects) = preSolution
		{8D1EB47E-F94A-49E2-8D2E-712B9958B358} = {8A5FC546-5A1F-4ABB-839C-DB3695C500CE}
		{42DC44FB-D0EF-4454-B6A9-47EA8FBA6E50} = {53B6A83D-5E20-461B-B5A3-285F6778B0E3}
		{4FE6CA45-C0F6-4489-8397-AD8B2DAE5767} = {53B6A83D-5E20-461B-B5A3-285F6778B0E3}
		{87AB0277-6A76-4B0E-B71F-CC132DC4E641} = {AC743192-10AE-4253-AD81-457777B4CCFD}
	EndGlobalSection
	GlobalSection(ExtensibilityGlobals) = postSolution
		SolutionGuid = {1B02C9CB-FD14-42CF-8E26-F1596499F309}
	EndGlobalSection
EndGlobal
